
Microsoft Visual Studio Solution File, Format Version 12.00
# Visual Studio Version 16
VisualStudioVersion = 16.0.30330.147
MinimumVisualStudioVersion = 10.0.40219.1
Project("{9A19103F-16F7-4668-BE54-9A1E7A4F7556}") = "CaraOuCoroaComEnum", "CaraOuCoroaComEnum\CaraOuCoroaComEnum.csproj", "{D0ACB069-3B52-4992-9962-B9B1D4A70D26}"
EndProject
Project("{2150E333-8FDC-42A3-9474-1A3956D46DE8}") = "exercicio 2", "exercicio 2", "{508F6037-A56E-4E7E-9036-3EE011E01F92}"
EndProject
Project("{2150E333-8FDC-42A3-9474-1A3956D46DE8}") = "exercicio 5", "exercicio 5", "{AD21B0E4-66A4-47FC-9F86-3296058AB4DE}"
EndProject
Project("{2150E333-8FDC-42A3-9474-1A3956D46DE8}") = "enum", "enum", "{AB0CA36F-4317-4294-A930-ACEC0BC37A22}"
EndProject
Project("{2150E333-8FDC-42A3-9474-1A3956D46DE8}") = "exercicio 1", "exercicio 1", "{03EE6FFD-81D1-4594-B80D-2703DF2599D7}"
EndProject
Project("{9A19103F-16F7-4668-BE54-9A1E7A4F7556}") = "TotalDiasDeVidaComTryParse", "TotalDiasDeVidaComTryParse\TotalDiasDeVidaComTryParse.csproj", "{DB7312E4-F6B5-41D5-9BC9-DF799235BEEA}"
EndProject
Project("{2150E333-8FDC-42A3-9474-1A3956D46DE8}") = "exercicio 3", "exercicio 3", "{3969A1C8-B41D-4C51-8D05-950D8E98A529}"
EndProject
Project("{9A19103F-16F7-4668-BE54-9A1E7A4F7556}") = "AposentadoriaPorSexoComTryCatch", "AposentadoriaPorSexoComTryCatch\AposentadoriaPorSexoComTryCatch.csproj", "{59F5BAE3-F1E4-49C2-A010-088C9894BC34}"
EndProject
Project("{2150E333-8FDC-42A3-9474-1A3956D46DE8}") = "exercicio 4", "exercicio 4", "{AE2AA7EC-5D85-46D8-A86F-3B317057E210}"
EndProject
Project("{9A19103F-16F7-4668-BE54-9A1E7A4F7556}") = "AposentadoriaPorSexoComRefatorado", "AposentadoriaPorSexoComRefatorado\AposentadoriaPorSexoComRefatorado.csproj", "{DCD7E1B3-D667-459F-837B-520B057818A2}"
EndProject
Project("{9A19103F-16F7-4668-BE54-9A1E7A4F7556}") = "FinalDeSemanaSwitchCase", "FinalDeSemanaSwitchCase\FinalDeSemanaSwitchCase.csproj", "{C56DEA6C-67F2-498B-81FE-D5B1117266ED}"
EndProject
Project("{2150E333-8FDC-42A3-9474-1A3956D46DE8}") = "exercicio 6", "exercicio 6", "{CE55C339-5205-4AB3-A56B-C4F91A7C68D5}"
EndProject
Project("{9A19103F-16F7-4668-BE54-9A1E7A4F7556}") = "NumeroParImparAte50", "NumeroParImparAte50\NumeroParImparAte50.csproj", "{5A549E40-C8A9-435E-B3D2-1634691EC787}"
EndProject
Project("{9A19103F-16F7-4668-BE54-9A1E7A4F7556}") = "NumeroParImparAte50ComWhile", "NumeroParImparAte50ComWhile\NumeroParImparAte50ComWhile.csproj", "{F9DAE98D-BE68-4031-B1BC-1F78C89E4BD5}"
EndProject
Project("{9A19103F-16F7-4668-BE54-9A1E7A4F7556}") = "NumeroParImparAte50ComDoWhile", "NumeroParImparAte50ComDoWhile\NumeroParImparAte50ComDoWhile.csproj", "{A28E07B2-596B-4E02-815E-A4B5EFCB1FDE}"
EndProject
Project("{2150E333-8FDC-42A3-9474-1A3956D46DE8}") = "exercicio 7", "exercicio 7", "{32517DD3-E5F2-4BDB-A6D9-E528CD56B2A6}"
EndProject
Project("{9A19103F-16F7-4668-BE54-9A1E7A4F7556}") = "ExibirUmMenuConsole", "ExibirUmMenuConsole\ExibirUmMenuConsole.csproj", "{CAB4F280-2DE6-4A5F-B330-B95ED0B35084}"
EndProject
Project("{2150E333-8FDC-42A3-9474-1A3956D46DE8}") = "TP2", "TP2", "{A0DC5D19-8637-4C3B-8415-9F013D171085}"
EndProject
Project("{9A19103F-16F7-4668-BE54-9A1E7A4F7556}") = "GerenciadorEntidades", "GerenciadorEntidades\GerenciadorEntidades.csproj", "{25AC5A95-099A-4E38-BA5F-8139A9D8FC50}"
EndProject
Project("{2150E333-8FDC-42A3-9474-1A3956D46DE8}") = "exercicio 8", "exercicio 8", "{8744467A-4AD8-4D07-9AEF-48BFC3919897}"
EndProject
Project("{9A19103F-16F7-4668-BE54-9A1E7A4F7556}") = "JogarDadoWhile", "JogarDadoWhile\JogarDadoWhile.csproj", "{B0799E9B-0EDA-46C7-8B47-19D3F7E19E8C}"
EndProject
Project("{9A19103F-16F7-4668-BE54-9A1E7A4F7556}") = "JogarDadoDoWhile", "JogarDadoDoWhile\JogarDadoDoWhile.csproj", "{A7D4866A-3418-4FE2-9241-2F5431119728}"
EndProject
Global
	GlobalSection(SolutionConfigurationPlatforms) = preSolution
		Debug|Any CPU = Debug|Any CPU
		Release|Any CPU = Release|Any CPU
	EndGlobalSection
	GlobalSection(ProjectConfigurationPlatforms) = postSolution
		{D0ACB069-3B52-4992-9962-B9B1D4A70D26}.Debug|Any CPU.ActiveCfg = Debug|Any CPU
		{D0ACB069-3B52-4992-9962-B9B1D4A70D26}.Debug|Any CPU.Build.0 = Debug|Any CPU
		{D0ACB069-3B52-4992-9962-B9B1D4A70D26}.Release|Any CPU.ActiveCfg = Release|Any CPU
		{D0ACB069-3B52-4992-9962-B9B1D4A70D26}.Release|Any CPU.Build.0 = Release|Any CPU
		{DB7312E4-F6B5-41D5-9BC9-DF799235BEEA}.Debug|Any CPU.ActiveCfg = Debug|Any CPU
		{DB7312E4-F6B5-41D5-9BC9-DF799235BEEA}.Debug|Any CPU.Build.0 = Debug|Any CPU
		{DB7312E4-F6B5-41D5-9BC9-DF799235BEEA}.Release|Any CPU.ActiveCfg = Release|Any CPU
		{DB7312E4-F6B5-41D5-9BC9-DF799235BEEA}.Release|Any CPU.Build.0 = Release|Any CPU
		{59F5BAE3-F1E4-49C2-A010-088C9894BC34}.Debug|Any CPU.ActiveCfg = Debug|Any CPU
		{59F5BAE3-F1E4-49C2-A010-088C9894BC34}.Debug|Any CPU.Build.0 = Debug|Any CPU
		{59F5BAE3-F1E4-49C2-A010-088C9894BC34}.Release|Any CPU.ActiveCfg = Release|Any CPU
		{59F5BAE3-F1E4-49C2-A010-088C9894BC34}.Release|Any CPU.Build.0 = Release|Any CPU
		{DCD7E1B3-D667-459F-837B-520B057818A2}.Debug|Any CPU.ActiveCfg = Debug|Any CPU
		{DCD7E1B3-D667-459F-837B-520B057818A2}.Debug|Any CPU.Build.0 = Debug|Any CPU
		{DCD7E1B3-D667-459F-837B-520B057818A2}.Release|Any CPU.ActiveCfg = Release|Any CPU
		{DCD7E1B3-D667-459F-837B-520B057818A2}.Release|Any CPU.Build.0 = Release|Any CPU
		{C56DEA6C-67F2-498B-81FE-D5B1117266ED}.Debug|Any CPU.ActiveCfg = Debug|Any CPU
		{C56DEA6C-67F2-498B-81FE-D5B1117266ED}.Debug|Any CPU.Build.0 = Debug|Any CPU
		{C56DEA6C-67F2-498B-81FE-D5B1117266ED}.Release|Any CPU.ActiveCfg = Release|Any CPU
		{C56DEA6C-67F2-498B-81FE-D5B1117266ED}.Release|Any CPU.Build.0 = Release|Any CPU
		{5A549E40-C8A9-435E-B3D2-1634691EC787}.Debug|Any CPU.ActiveCfg = Debug|Any CPU
		{5A549E40-C8A9-435E-B3D2-1634691EC787}.Debug|Any CPU.Build.0 = Debug|Any CPU
		{5A549E40-C8A9-435E-B3D2-1634691EC787}.Release|Any CPU.ActiveCfg = Release|Any CPU
		{5A549E40-C8A9-435E-B3D2-1634691EC787}.Release|Any CPU.Build.0 = Release|Any CPU
		{F9DAE98D-BE68-4031-B1BC-1F78C89E4BD5}.Debug|Any CPU.ActiveCfg = Debug|Any CPU
		{F9DAE98D-BE68-4031-B1BC-1F78C89E4BD5}.Debug|Any CPU.Build.0 = Debug|Any CPU
		{F9DAE98D-BE68-4031-B1BC-1F78C89E4BD5}.Release|Any CPU.ActiveCfg = Release|Any CPU
		{F9DAE98D-BE68-4031-B1BC-1F78C89E4BD5}.Release|Any CPU.Build.0 = Release|Any CPU
		{A28E07B2-596B-4E02-815E-A4B5EFCB1FDE}.Debug|Any CPU.ActiveCfg = Debug|Any CPU
		{A28E07B2-596B-4E02-815E-A4B5EFCB1FDE}.Debug|Any CPU.Build.0 = Debug|Any CPU
		{A28E07B2-596B-4E02-815E-A4B5EFCB1FDE}.Release|Any CPU.ActiveCfg = Release|Any CPU
		{A28E07B2-596B-4E02-815E-A4B5EFCB1FDE}.Release|Any CPU.Build.0 = Release|Any CPU
		{CAB4F280-2DE6-4A5F-B330-B95ED0B35084}.Debug|Any CPU.ActiveCfg = Debug|Any CPU
		{CAB4F280-2DE6-4A5F-B330-B95ED0B35084}.Debug|Any CPU.Build.0 = Debug|Any CPU
		{CAB4F280-2DE6-4A5F-B330-B95ED0B35084}.Release|Any CPU.ActiveCfg = Release|Any CPU
		{CAB4F280-2DE6-4A5F-B330-B95ED0B35084}.Release|Any CPU.Build.0 = Release|Any CPU
		{25AC5A95-099A-4E38-BA5F-8139A9D8FC50}.Debug|Any CPU.ActiveCfg = Debug|Any CPU
		{25AC5A95-099A-4E38-BA5F-8139A9D8FC50}.Debug|Any CPU.Build.0 = Debug|Any CPU
		{25AC5A95-099A-4E38-BA5F-8139A9D8FC50}.Release|Any CPU.ActiveCfg = Release|Any CPU
		{25AC5A95-099A-4E38-BA5F-8139A9D8FC50}.Release|Any CPU.Build.0 = Release|Any CPU
		{B0799E9B-0EDA-46C7-8B47-19D3F7E19E8C}.Debug|Any CPU.ActiveCfg = Debug|Any CPU
		{B0799E9B-0EDA-46C7-8B47-19D3F7E19E8C}.Debug|Any CPU.Build.0 = Debug|Any CPU
		{B0799E9B-0EDA-46C7-8B47-19D3F7E19E8C}.Release|Any CPU.ActiveCfg = Release|Any CPU
		{B0799E9B-0EDA-46C7-8B47-19D3F7E19E8C}.Release|Any CPU.Build.0 = Release|Any CPU
		{A7D4866A-3418-4FE2-9241-2F5431119728}.Debug|Any CPU.ActiveCfg = Debug|Any CPU
		{A7D4866A-3418-4FE2-9241-2F5431119728}.Debug|Any CPU.Build.0 = Debug|Any CPU
		{A7D4866A-3418-4FE2-9241-2F5431119728}.Release|Any CPU.ActiveCfg = Release|Any CPU
		{A7D4866A-3418-4FE2-9241-2F5431119728}.Release|Any CPU.Build.0 = Release|Any CPU
	EndGlobalSection
	GlobalSection(SolutionProperties) = preSolution
		HideSolutionNode = FALSE
	EndGlobalSection
	GlobalSection(NestedProjects) = preSolution
		{D0ACB069-3B52-4992-9962-B9B1D4A70D26} = {AB0CA36F-4317-4294-A930-ACEC0BC37A22}
		{AB0CA36F-4317-4294-A930-ACEC0BC37A22} = {508F6037-A56E-4E7E-9036-3EE011E01F92}
		{DB7312E4-F6B5-41D5-9BC9-DF799235BEEA} = {03EE6FFD-81D1-4594-B80D-2703DF2599D7}
		{59F5BAE3-F1E4-49C2-A010-088C9894BC34} = {3969A1C8-B41D-4C51-8D05-950D8E98A529}
		{DCD7E1B3-D667-459F-837B-520B057818A2} = {AE2AA7EC-5D85-46D8-A86F-3B317057E210}
		{C56DEA6C-67F2-498B-81FE-D5B1117266ED} = {AD21B0E4-66A4-47FC-9F86-3296058AB4DE}
		{5A549E40-C8A9-435E-B3D2-1634691EC787} = {CE55C339-5205-4AB3-A56B-C4F91A7C68D5}
		{F9DAE98D-BE68-4031-B1BC-1F78C89E4BD5} = {CE55C339-5205-4AB3-A56B-C4F91A7C68D5}
		{A28E07B2-596B-4E02-815E-A4B5EFCB1FDE} = {CE55C339-5205-4AB3-A56B-C4F91A7C68D5}
		{CAB4F280-2DE6-4A5F-B330-B95ED0B35084} = {32517DD3-E5F2-4BDB-A6D9-E528CD56B2A6}
		{25AC5A95-099A-4E38-BA5F-8139A9D8FC50} = {A0DC5D19-8637-4C3B-8415-9F013D171085}
		{B0799E9B-0EDA-46C7-8B47-19D3F7E19E8C} = {8744467A-4AD8-4D07-9AEF-48BFC3919897}
		{A7D4866A-3418-4FE2-9241-2F5431119728} = {8744467A-4AD8-4D07-9AEF-48BFC3919897}
	EndGlobalSection
	GlobalSection(ExtensibilityGlobals) = postSolution
		SolutionGuid = {37D5AF90-D373-4C25-85C2-044BDD57F935}
	EndGlobalSection
EndGlobal
